
Microsoft Visual Studio Solution File, Format Version 12.00
# Visual Studio Version 17
VisualStudioVersion = 17.14.36429.23 d17.14
MinimumVisualStudioVersion = 10.0.40219.1
Project("{FAE04EC0-301F-11D3-BF4B-00C04F79EFBC}") = "task02", "task02\task02.csproj", "{CFAD12AA-8A10-4548-94C4-7DEF65861DC5}"
EndProject
Global
	GlobalSection(SolutionConfigurationPlatforms) = preSolution
		Debug|Any CPU = Debug|Any CPU
		Release|Any CPU = Release|Any CPU
	EndGlobalSection
	GlobalSection(ProjectConfigurationPlatforms) = postSolution
		{CFAD12AA-8A10-4548-94C4-7DEF65861DC5}.Debug|Any CPU.ActiveCfg = Debug|Any CPU
		{CFAD12AA-8A10-4548-94C4-7DEF65861DC5}.Debug|Any CPU.Build.0 = Debug|Any CPU
		{CFAD12AA-8A10-4548-94C4-7DEF65861DC5}.Release|Any CPU.ActiveCfg = Release|Any CPU
		{CFAD12AA-8A10-4548-94C4-7DEF65861DC5}.Release|Any CPU.Build.0 = Release|Any CPU
	EndGlobalSection
	GlobalSection(SolutionProperties) = preSolution
		HideSolutionNode = FALSE
	EndGlobalSection
	GlobalSection(ExtensibilityGlobals) = postSolution
		SolutionGuid = {F0495A4A-C8C2-4B55-B9DD-FEC72A6F6E80}
	EndGlobalSection
EndGlobal
