
Microsoft Visual Studio Solution File, Format Version 12.00
# Visual Studio Version 17
VisualStudioVersion = 17.14.36429.23 d17.14
MinimumVisualStudioVersion = 10.0.40219.1
Project("{FAE04EC0-301F-11D3-BF4B-00C04F79EFBC}") = "Task10.3", "Task10.3\Task10.3.csproj", "{37BEC0E1-C497-4A2A-BB57-3B424DA3D231}"
EndProject
Global
	GlobalSection(SolutionConfigurationPlatforms) = preSolution
		Debug|Any CPU = Debug|Any CPU
		Release|Any CPU = Release|Any CPU
	EndGlobalSection
	GlobalSection(ProjectConfigurationPlatforms) = postSolution
		{37BEC0E1-C497-4A2A-BB57-3B424DA3D231}.Debug|Any CPU.ActiveCfg = Debug|Any CPU
		{37BEC0E1-C497-4A2A-BB57-3B424DA3D231}.Debug|Any CPU.Build.0 = Debug|Any CPU
		{37BEC0E1-C497-4A2A-BB57-3B424DA3D231}.Release|Any CPU.ActiveCfg = Release|Any CPU
		{37BEC0E1-C497-4A2A-BB57-3B424DA3D231}.Release|Any CPU.Build.0 = Release|Any CPU
	EndGlobalSection
	GlobalSection(SolutionProperties) = preSolution
		HideSolutionNode = FALSE
	EndGlobalSection
	GlobalSection(ExtensibilityGlobals) = postSolution
		SolutionGuid = {1E38B4E6-79CB-4044-9B7A-F62672FEB094}
	EndGlobalSection
EndGlobal
