
Microsoft Visual Studio Solution File, Format Version 12.00
# Visual Studio Version 17
VisualStudioVersion = 17.14.36429.23 d17.14
MinimumVisualStudioVersion = 10.0.40219.1
Project("{FAE04EC0-301F-11D3-BF4B-00C04F79EFBC}") = "Task8.03", "Task8.03\Task8.03.csproj", "{3BD73D84-A42B-470F-9568-B3C0B94BB44E}"
EndProject
Global
	GlobalSection(SolutionConfigurationPlatforms) = preSolution
		Debug|Any CPU = Debug|Any CPU
		Release|Any CPU = Release|Any CPU
	EndGlobalSection
	GlobalSection(ProjectConfigurationPlatforms) = postSolution
		{3BD73D84-A42B-470F-9568-B3C0B94BB44E}.Debug|Any CPU.ActiveCfg = Debug|Any CPU
		{3BD73D84-A42B-470F-9568-B3C0B94BB44E}.Debug|Any CPU.Build.0 = Debug|Any CPU
		{3BD73D84-A42B-470F-9568-B3C0B94BB44E}.Release|Any CPU.ActiveCfg = Release|Any CPU
		{3BD73D84-A42B-470F-9568-B3C0B94BB44E}.Release|Any CPU.Build.0 = Release|Any CPU
	EndGlobalSection
	GlobalSection(SolutionProperties) = preSolution
		HideSolutionNode = FALSE
	EndGlobalSection
	GlobalSection(ExtensibilityGlobals) = postSolution
		SolutionGuid = {01E13750-F7DA-4C87-AAE8-EB9437B3BA98}
	EndGlobalSection
EndGlobal
