
Microsoft Visual Studio Solution File, Format Version 12.00
# Visual Studio Version 17
VisualStudioVersion = 17.14.36429.23 d17.14
MinimumVisualStudioVersion = 10.0.40219.1
Project("{FAE04EC0-301F-11D3-BF4B-00C04F79EFBC}") = "Методы", "Методы\Методы.csproj", "{BF4E72A2-211A-4AF3-9C11-E9F8E6DDCD2A}"
EndProject
Global
	GlobalSection(SolutionConfigurationPlatforms) = preSolution
		Debug|Any CPU = Debug|Any CPU
		Release|Any CPU = Release|Any CPU
	EndGlobalSection
	GlobalSection(ProjectConfigurationPlatforms) = postSolution
		{BF4E72A2-211A-4AF3-9C11-E9F8E6DDCD2A}.Debug|Any CPU.ActiveCfg = Debug|Any CPU
		{BF4E72A2-211A-4AF3-9C11-E9F8E6DDCD2A}.Debug|Any CPU.Build.0 = Debug|Any CPU
		{BF4E72A2-211A-4AF3-9C11-E9F8E6DDCD2A}.Release|Any CPU.ActiveCfg = Release|Any CPU
		{BF4E72A2-211A-4AF3-9C11-E9F8E6DDCD2A}.Release|Any CPU.Build.0 = Release|Any CPU
	EndGlobalSection
	GlobalSection(SolutionProperties) = preSolution
		HideSolutionNode = FALSE
	EndGlobalSection
	GlobalSection(ExtensibilityGlobals) = postSolution
		SolutionGuid = {F992DEB5-CBEA-4469-9BA2-7DA3C7624C00}
	EndGlobalSection
EndGlobal
